
Microsoft Visual Studio Solution File, Format Version 12.00
# Visual Studio Version 16
VisualStudioVersion = 25.0.1700.6
MinimumVisualStudioVersion = 10.0.40219.1
Project("{FAE04EC0-301F-11D3-BF4B-00C04F79EFBC}") = "T05-Ejercicio21", "T05-Ejercicio21.csproj", "{64CB5F8A-0125-4852-B3E2-94919F26F889}"
EndProject
Global
	GlobalSection(SolutionConfigurationPlatforms) = preSolution
		Debug|Any CPU = Debug|Any CPU
		Release|Any CPU = Release|Any CPU
	EndGlobalSection
	GlobalSection(ProjectConfigurationPlatforms) = postSolution
		{64CB5F8A-0125-4852-B3E2-94919F26F889}.Debug|Any CPU.ActiveCfg = Debug|Any CPU
		{64CB5F8A-0125-4852-B3E2-94919F26F889}.Debug|Any CPU.Build.0 = Debug|Any CPU
		{64CB5F8A-0125-4852-B3E2-94919F26F889}.Release|Any CPU.ActiveCfg = Release|Any CPU
		{64CB5F8A-0125-4852-B3E2-94919F26F889}.Release|Any CPU.Build.0 = Release|Any CPU
	EndGlobalSection
	GlobalSection(SolutionProperties) = preSolution
		HideSolutionNode = FALSE
	EndGlobalSection
	GlobalSection(ExtensibilityGlobals) = postSolution
		SolutionGuid = {8A139EED-544F-41D6-963A-CFEFEECED10F}
	EndGlobalSection
EndGlobal
